
Microsoft Visual Studio Solution File, Format Version 12.00
# Visual Studio Version 17
VisualStudioVersion = 17.13.35818.85 d17.13
MinimumVisualStudioVersion = 10.0.40219.1
Project("{FAE04EC0-301F-11D3-BF4B-00C04F79EFBC}") = "LikeLion2", "LikeLion2\LikeLion2.csproj", "{00968784-A0CB-461D-A669-3913CB920013}"
EndProject
Global
	GlobalSection(SolutionConfigurationPlatforms) = preSolution
		Debug|Any CPU = Debug|Any CPU
		Release|Any CPU = Release|Any CPU
	EndGlobalSection
	GlobalSection(ProjectConfigurationPlatforms) = postSolution
		{00968784-A0CB-461D-A669-3913CB920013}.Debug|Any CPU.ActiveCfg = Debug|Any CPU
		{00968784-A0CB-461D-A669-3913CB920013}.Debug|Any CPU.Build.0 = Debug|Any CPU
		{00968784-A0CB-461D-A669-3913CB920013}.Release|Any CPU.ActiveCfg = Release|Any CPU
		{00968784-A0CB-461D-A669-3913CB920013}.Release|Any CPU.Build.0 = Release|Any CPU
	EndGlobalSection
	GlobalSection(SolutionProperties) = preSolution
		HideSolutionNode = FALSE
	EndGlobalSection
	GlobalSection(ExtensibilityGlobals) = postSolution
		SolutionGuid = {35C6A159-8DD5-4821-8CA0-3269541605D2}
	EndGlobalSection
EndGlobal
